
Microsoft Visual Studio Solution File, Format Version 12.00
# Visual Studio Version 17
VisualStudioVersion = 17.0.31903.59
MinimumVisualStudioVersion = 10.0.40219.1
Project("{FAE04EC0-301F-11D3-BF4B-00C04F79EFBC}") = "PrimeiroDesafio", "PrimeiroDesafio\PrimeiroDesafio.csproj", "{1CEDC7BF-E6E5-4CAC-BAB1-C2CC6BA31DE0}"
EndProject
Project("{FAE04EC0-301F-11D3-BF4B-00C04F79EFBC}") = "ScreenSound", "ScreenSound\ScreenSound.csproj", "{D5A7FF1C-1D9E-4BC7-98F4-DBCE16FC40B9}"
EndProject
Project("{FAE04EC0-301F-11D3-BF4B-00C04F79EFBC}") = "SegundoDesafio", "SegundoDesafio\SegundoDesafio.csproj", "{F78775BF-BD53-4E1E-97F0-F29DE2F2AF3F}"
EndProject
Global
	GlobalSection(SolutionConfigurationPlatforms) = preSolution
		Debug|Any CPU = Debug|Any CPU
		Debug|x64 = Debug|x64
		Debug|x86 = Debug|x86
		Release|Any CPU = Release|Any CPU
		Release|x64 = Release|x64
		Release|x86 = Release|x86
	EndGlobalSection
	GlobalSection(ProjectConfigurationPlatforms) = postSolution
		{1CEDC7BF-E6E5-4CAC-BAB1-C2CC6BA31DE0}.Debug|Any CPU.ActiveCfg = Debug|Any CPU
		{1CEDC7BF-E6E5-4CAC-BAB1-C2CC6BA31DE0}.Debug|Any CPU.Build.0 = Debug|Any CPU
		{1CEDC7BF-E6E5-4CAC-BAB1-C2CC6BA31DE0}.Debug|x64.ActiveCfg = Debug|Any CPU
		{1CEDC7BF-E6E5-4CAC-BAB1-C2CC6BA31DE0}.Debug|x64.Build.0 = Debug|Any CPU
		{1CEDC7BF-E6E5-4CAC-BAB1-C2CC6BA31DE0}.Debug|x86.ActiveCfg = Debug|Any CPU
		{1CEDC7BF-E6E5-4CAC-BAB1-C2CC6BA31DE0}.Debug|x86.Build.0 = Debug|Any CPU
		{1CEDC7BF-E6E5-4CAC-BAB1-C2CC6BA31DE0}.Release|Any CPU.ActiveCfg = Release|Any CPU
		{1CEDC7BF-E6E5-4CAC-BAB1-C2CC6BA31DE0}.Release|Any CPU.Build.0 = Release|Any CPU
		{1CEDC7BF-E6E5-4CAC-BAB1-C2CC6BA31DE0}.Release|x64.ActiveCfg = Release|Any CPU
		{1CEDC7BF-E6E5-4CAC-BAB1-C2CC6BA31DE0}.Release|x64.Build.0 = Release|Any CPU
		{1CEDC7BF-E6E5-4CAC-BAB1-C2CC6BA31DE0}.Release|x86.ActiveCfg = Release|Any CPU
		{1CEDC7BF-E6E5-4CAC-BAB1-C2CC6BA31DE0}.Release|x86.Build.0 = Release|Any CPU
		{D5A7FF1C-1D9E-4BC7-98F4-DBCE16FC40B9}.Debug|Any CPU.ActiveCfg = Debug|Any CPU
		{D5A7FF1C-1D9E-4BC7-98F4-DBCE16FC40B9}.Debug|Any CPU.Build.0 = Debug|Any CPU
		{D5A7FF1C-1D9E-4BC7-98F4-DBCE16FC40B9}.Debug|x64.ActiveCfg = Debug|Any CPU
		{D5A7FF1C-1D9E-4BC7-98F4-DBCE16FC40B9}.Debug|x64.Build.0 = Debug|Any CPU
		{D5A7FF1C-1D9E-4BC7-98F4-DBCE16FC40B9}.Debug|x86.ActiveCfg = Debug|Any CPU
		{D5A7FF1C-1D9E-4BC7-98F4-DBCE16FC40B9}.Debug|x86.Build.0 = Debug|Any CPU
		{D5A7FF1C-1D9E-4BC7-98F4-DBCE16FC40B9}.Release|Any CPU.ActiveCfg = Release|Any CPU
		{D5A7FF1C-1D9E-4BC7-98F4-DBCE16FC40B9}.Release|Any CPU.Build.0 = Release|Any CPU
		{D5A7FF1C-1D9E-4BC7-98F4-DBCE16FC40B9}.Release|x64.ActiveCfg = Release|Any CPU
		{D5A7FF1C-1D9E-4BC7-98F4-DBCE16FC40B9}.Release|x64.Build.0 = Release|Any CPU
		{D5A7FF1C-1D9E-4BC7-98F4-DBCE16FC40B9}.Release|x86.ActiveCfg = Release|Any CPU
		{D5A7FF1C-1D9E-4BC7-98F4-DBCE16FC40B9}.Release|x86.Build.0 = Release|Any CPU
		{F78775BF-BD53-4E1E-97F0-F29DE2F2AF3F}.Debug|Any CPU.ActiveCfg = Debug|Any CPU
		{F78775BF-BD53-4E1E-97F0-F29DE2F2AF3F}.Debug|Any CPU.Build.0 = Debug|Any CPU
		{F78775BF-BD53-4E1E-97F0-F29DE2F2AF3F}.Debug|x64.ActiveCfg = Debug|Any CPU
		{F78775BF-BD53-4E1E-97F0-F29DE2F2AF3F}.Debug|x64.Build.0 = Debug|Any CPU
		{F78775BF-BD53-4E1E-97F0-F29DE2F2AF3F}.Debug|x86.ActiveCfg = Debug|Any CPU
		{F78775BF-BD53-4E1E-97F0-F29DE2F2AF3F}.Debug|x86.Build.0 = Debug|Any CPU
		{F78775BF-BD53-4E1E-97F0-F29DE2F2AF3F}.Release|Any CPU.ActiveCfg = Release|Any CPU
		{F78775BF-BD53-4E1E-97F0-F29DE2F2AF3F}.Release|Any CPU.Build.0 = Release|Any CPU
		{F78775BF-BD53-4E1E-97F0-F29DE2F2AF3F}.Release|x64.ActiveCfg = Release|Any CPU
		{F78775BF-BD53-4E1E-97F0-F29DE2F2AF3F}.Release|x64.Build.0 = Release|Any CPU
		{F78775BF-BD53-4E1E-97F0-F29DE2F2AF3F}.Release|x86.ActiveCfg = Release|Any CPU
		{F78775BF-BD53-4E1E-97F0-F29DE2F2AF3F}.Release|x86.Build.0 = Release|Any CPU
	EndGlobalSection
	GlobalSection(SolutionProperties) = preSolution
		HideSolutionNode = FALSE
	EndGlobalSection
EndGlobal
